
Microsoft Visual Studio Solution File, Format Version 12.00
# Visual Studio Version 17
VisualStudioVersion = 17.8.34330.188
MinimumVisualStudioVersion = 10.0.40219.1
Project("{9A19103F-16F7-4668-BE54-9A1E7A4F7556}") = "Newsletter.Domain", "Newsletter.Domain\Newsletter.Domain.csproj", "{6E39B583-4445-425B-96A2-FEEFF0B9A75A}"
EndProject
Project("{9A19103F-16F7-4668-BE54-9A1E7A4F7556}") = "Newsletter.Application", "Newsletter.Application\Newsletter.Application.csproj", "{732F09F9-D018-4A5A-A1FF-BA8B2BA0CD66}"
EndProject
Project("{9A19103F-16F7-4668-BE54-9A1E7A4F7556}") = "Newsletter.Infrastructure", "Newsletter.Infrastructure\Newsletter.Infrastructure.csproj", "{45F7F5F4-E291-4258-9520-0EE919B6165C}"
EndProject
Project("{9A19103F-16F7-4668-BE54-9A1E7A4F7556}") = "Newsletter.MVC", "Newsletter.MVC\Newsletter.MVC.csproj", "{6E6EA834-7518-4648-9FE5-46575C08FC50}"
EndProject
Project("{FAE04EC0-301F-11D3-BF4B-00C04F79EFBC}") = "Newsletter.Consumer", "Newsletter.Consumer\Newsletter.Consumer.csproj", "{04FE071F-33ED-4FBF-AC29-C45420554F43}"
EndProject
Global
	GlobalSection(SolutionConfigurationPlatforms) = preSolution
		Debug|Any CPU = Debug|Any CPU
		Release|Any CPU = Release|Any CPU
	EndGlobalSection
	GlobalSection(ProjectConfigurationPlatforms) = postSolution
		{6E39B583-4445-425B-96A2-FEEFF0B9A75A}.Debug|Any CPU.ActiveCfg = Debug|Any CPU
		{6E39B583-4445-425B-96A2-FEEFF0B9A75A}.Debug|Any CPU.Build.0 = Debug|Any CPU
		{6E39B583-4445-425B-96A2-FEEFF0B9A75A}.Release|Any CPU.ActiveCfg = Release|Any CPU
		{6E39B583-4445-425B-96A2-FEEFF0B9A75A}.Release|Any CPU.Build.0 = Release|Any CPU
		{732F09F9-D018-4A5A-A1FF-BA8B2BA0CD66}.Debug|Any CPU.ActiveCfg = Debug|Any CPU
		{732F09F9-D018-4A5A-A1FF-BA8B2BA0CD66}.Debug|Any CPU.Build.0 = Debug|Any CPU
		{732F09F9-D018-4A5A-A1FF-BA8B2BA0CD66}.Release|Any CPU.ActiveCfg = Release|Any CPU
		{732F09F9-D018-4A5A-A1FF-BA8B2BA0CD66}.Release|Any CPU.Build.0 = Release|Any CPU
		{45F7F5F4-E291-4258-9520-0EE919B6165C}.Debug|Any CPU.ActiveCfg = Debug|Any CPU
		{45F7F5F4-E291-4258-9520-0EE919B6165C}.Debug|Any CPU.Build.0 = Debug|Any CPU
		{45F7F5F4-E291-4258-9520-0EE919B6165C}.Release|Any CPU.ActiveCfg = Release|Any CPU
		{45F7F5F4-E291-4258-9520-0EE919B6165C}.Release|Any CPU.Build.0 = Release|Any CPU
		{6E6EA834-7518-4648-9FE5-46575C08FC50}.Debug|Any CPU.ActiveCfg = Debug|Any CPU
		{6E6EA834-7518-4648-9FE5-46575C08FC50}.Debug|Any CPU.Build.0 = Debug|Any CPU
		{6E6EA834-7518-4648-9FE5-46575C08FC50}.Release|Any CPU.ActiveCfg = Release|Any CPU
		{6E6EA834-7518-4648-9FE5-46575C08FC50}.Release|Any CPU.Build.0 = Release|Any CPU
		{04FE071F-33ED-4FBF-AC29-C45420554F43}.Debug|Any CPU.ActiveCfg = Debug|Any CPU
		{04FE071F-33ED-4FBF-AC29-C45420554F43}.Debug|Any CPU.Build.0 = Debug|Any CPU
		{04FE071F-33ED-4FBF-AC29-C45420554F43}.Release|Any CPU.ActiveCfg = Release|Any CPU
		{04FE071F-33ED-4FBF-AC29-C45420554F43}.Release|Any CPU.Build.0 = Release|Any CPU
	EndGlobalSection
	GlobalSection(SolutionProperties) = preSolution
		HideSolutionNode = FALSE
	EndGlobalSection
	GlobalSection(ExtensibilityGlobals) = postSolution
		SolutionGuid = {04267C7F-0721-4022-BC8A-C55DB5489229}
	EndGlobalSection
EndGlobal
